// !$*UTF8*$!
{
	archiveVersion = 1;
	classes = {
	};
	objectVersion = 77;
	objects = {

/* Begin PBXBuildFile section */
		083A9C752F65C04B000C70C9 /* MunichCommuterKit in Frameworks */ = {isa = PBXBuildFile; productRef = F1B000082E5EF0010060EED6 /* MunichCommuterKit */; };
		0843D4FF2F65B9D4006A4700 /* MunichCommuterKit in Frameworks */ = {isa = PBXBuildFile; productRef = F1A000022E5EF0000060EED6 /* MunichCommuterKit */; };
		F1B000112E5EF0010060EED6 /* MunichCommuterWatch.app in Embed Watch Content */ = {isa = PBXBuildFile; fileRef = F1B000012E5EF0010060EED6 /* MunichCommuterWatch.app */; settings = {ATTRIBUTES = (RemoveHeadersOnCopy, ); }; };
		F1C0000B2E5EF0020060EED6 /* MunichCommuterKit in Frameworks */ = {isa = PBXBuildFile; productRef = F1C0000A2E5EF0020060EED6 /* MunichCommuterKit */; };
		F1C0000F2E5EF0020060EED6 /* MunichCommuterWatchWidgets.appex in Embed App Extensions */ = {isa = PBXBuildFile; fileRef = F1C000012E5EF0020060EED6 /* MunichCommuterWatchWidgets.appex */; settings = {ATTRIBUTES = (RemoveHeadersOnCopy, ); }; };
/* End PBXBuildFile section */

/* Begin PBXContainerItemProxy section */
		083DD7BB2E2EEE7F0060EED6 /* PBXContainerItemProxy */ = {
			isa = PBXContainerItemProxy;
			containerPortal = 083DD7A12E2EEE7D0060EED6 /* Project object */;
			proxyType = 1;
			remoteGlobalIDString = 083DD7A82E2EEE7D0060EED6;
			remoteInfo = MunichCommuter;
		};
		083DD7C52E2EEE7F0060EED6 /* PBXContainerItemProxy */ = {
			isa = PBXContainerItemProxy;
			containerPortal = 083DD7A12E2EEE7D0060EED6 /* Project object */;
			proxyType = 1;
			remoteGlobalIDString = 083DD7A82E2EEE7D0060EED6;
			remoteInfo = MunichCommuter;
		};
		F1B000122E5EF0010060EED6 /* PBXContainerItemProxy */ = {
			isa = PBXContainerItemProxy;
			containerPortal = 083DD7A12E2EEE7D0060EED6 /* Project object */;
			proxyType = 1;
			remoteGlobalIDString = F1B000032E5EF0010060EED6;
			remoteInfo = MunichCommuterWatch;
		};
		F1C0000C2E5EF0020060EED6 /* PBXContainerItemProxy */ = {
			isa = PBXContainerItemProxy;
			containerPortal = 083DD7A12E2EEE7D0060EED6 /* Project object */;
			proxyType = 1;
			remoteGlobalIDString = F1C000032E5EF0020060EED6;
			remoteInfo = MunichCommuterWatchWidgets;
		};
/* End PBXContainerItemProxy section */

/* Begin PBXCopyFilesBuildPhase section */
		F1B000132E5EF0010060EED6 /* Embed Watch Content */ = {
			isa = PBXCopyFilesBuildPhase;
			buildActionMask = 2147483647;
			dstPath = "$(CONTENTS_FOLDER_PATH)/Watch";
			dstSubfolderSpec = 16;
			files = (
				F1B000112E5EF0010060EED6 /* MunichCommuterWatch.app in Embed Watch Content */,
			);
			name = "Embed Watch Content";
			runOnlyForDeploymentPostprocessing = 0;
		};
		F1C0000E2E5EF0020060EED6 /* Embed App Extensions */ = {
			isa = PBXCopyFilesBuildPhase;
			buildActionMask = 2147483647;
			dstPath = "";
			dstSubfolderSpec = 13;
			files = (
				F1C0000F2E5EF0020060EED6 /* MunichCommuterWatchWidgets.appex in Embed App Extensions */,
			);
			name = "Embed App Extensions";
			runOnlyForDeploymentPostprocessing = 0;
		};
/* End PBXCopyFilesBuildPhase section */

/* Begin PBXFileReference section */
		083DD7A92E2EEE7D0060EED6 /* MunichCommuter.app */ = {isa = PBXFileReference; explicitFileType = wrapper.application; includeInIndex = 0; path = MunichCommuter.app; sourceTree = BUILT_PRODUCTS_DIR; };
		083DD7BA2E2EEE7F0060EED6 /* MunichCommuterTests.xctest */ = {isa = PBXFileReference; explicitFileType = wrapper.cfbundle; includeInIndex = 0; path = MunichCommuterTests.xctest; sourceTree = BUILT_PRODUCTS_DIR; };
		083DD7C42E2EEE7F0060EED6 /* MunichCommuterUITests.xctest */ = {isa = PBXFileReference; explicitFileType = wrapper.cfbundle; includeInIndex = 0; path = MunichCommuterUITests.xctest; sourceTree = BUILT_PRODUCTS_DIR; };
		F1B000012E5EF0010060EED6 /* MunichCommuterWatch.app */ = {isa = PBXFileReference; explicitFileType = wrapper.application; includeInIndex = 0; path = MunichCommuterWatch.app; sourceTree = BUILT_PRODUCTS_DIR; };
		F1C000012E5EF0020060EED6 /* MunichCommuterWatchWidgets.appex */ = {isa = PBXFileReference; explicitFileType = "wrapper.app-extension"; includeInIndex = 0; path = MunichCommuterWatchWidgets.appex; sourceTree = BUILT_PRODUCTS_DIR; };
/* End PBXFileReference section */

/* Begin PBXFileSystemSynchronizedBuildFileExceptionSet section */
		083DD7CC2E2EEE7F0060EED6 /* Exceptions for "MunichCommuter" folder in "MunichCommuter" target */ = {
			isa = PBXFileSystemSynchronizedBuildFileExceptionSet;
			membershipExceptions = (
				Info.plist,
			);
			target = 083DD7A82E2EEE7D0060EED6 /* MunichCommuter */;
		};
		F1B000022E5EF0010060EED6 /* Exceptions for "MunichCommuterWatch" folder in "MunichCommuterWatch" target */ = {
			isa = PBXFileSystemSynchronizedBuildFileExceptionSet;
			membershipExceptions = (
				Info.plist,
			);
			target = F1B000032E5EF0010060EED6 /* MunichCommuterWatch */;
		};
		F1C000112E5EF0020060EED6 /* Exceptions for "MunichCommuterWatchWidgets" folder in "MunichCommuterWatchWidgets" target */ = {
			isa = PBXFileSystemSynchronizedBuildFileExceptionSet;
			membershipExceptions = (
				Info.plist,
			);
			target = F1C000032E5EF0020060EED6 /* MunichCommuterWatchWidgets */;
		};
/* End PBXFileSystemSynchronizedBuildFileExceptionSet section */

/* Begin PBXFileSystemSynchronizedRootGroup section */
		083DD7AB2E2EEE7D0060EED6 /* MunichCommuter */ = {
			isa = PBXFileSystemSynchronizedRootGroup;
			exceptions = (
				083DD7CC2E2EEE7F0060EED6 /* Exceptions for "MunichCommuter" folder in "MunichCommuter" target */,
			);
			path = MunichCommuter;
			sourceTree = "<group>";
		};
		083DD7BD2E2EEE7F0060EED6 /* MunichCommuterTests */ = {
			isa = PBXFileSystemSynchronizedRootGroup;
			path = MunichCommuterTests;
			sourceTree = "<group>";
		};
		083DD7C72E2EEE7F0060EED6 /* MunichCommuterUITests */ = {
			isa = PBXFileSystemSynchronizedRootGroup;
			path = MunichCommuterUITests;
			sourceTree = "<group>";
		};
		F1A000032E5EF0000060EED6 /* MunichCommuterKit */ = {
			isa = PBXFileSystemSynchronizedRootGroup;
			path = MunichCommuterKit;
			sourceTree = "<group>";
		};
		F1B000042E5EF0010060EED6 /* MunichCommuterWatch */ = {
			isa = PBXFileSystemSynchronizedRootGroup;
			exceptions = (
				F1B000022E5EF0010060EED6 /* Exceptions for "MunichCommuterWatch" folder in "MunichCommuterWatch" target */,
			);
			path = MunichCommuterWatch;
			sourceTree = "<group>";
		};
		F1C000022E5EF0020060EED6 /* MunichCommuterWatchWidgets */ = {
			isa = PBXFileSystemSynchronizedRootGroup;
			exceptions = (
				F1C000112E5EF0020060EED6 /* Exceptions for "MunichCommuterWatchWidgets" folder in "MunichCommuterWatchWidgets" target */,
			);
			path = MunichCommuterWatchWidgets;
			sourceTree = "<group>";
		};
/* End PBXFileSystemSynchronizedRootGroup section */

/* Begin PBXFrameworksBuildPhase section */
		083DD7A62E2EEE7D0060EED6 /* Frameworks */ = {
			isa = PBXFrameworksBuildPhase;
			buildActionMask = 2147483647;
			files = (
				0843D4FF2F65B9D4006A4700 /* MunichCommuterKit in Frameworks */,
			);
			runOnlyForDeploymentPostprocessing = 0;
		};
		083DD7B72E2EEE7F0060EED6 /* Frameworks */ = {
			isa = PBXFrameworksBuildPhase;
			buildActionMask = 2147483647;
			files = (
			);
			runOnlyForDeploymentPostprocessing = 0;
		};
		083DD7C12E2EEE7F0060EED6 /* Frameworks */ = {
			isa = PBXFrameworksBuildPhase;
			buildActionMask = 2147483647;
			files = (
			);
			runOnlyForDeploymentPostprocessing = 0;
		};
		F1B000052E5EF0010060EED6 /* Frameworks */ = {
			isa = PBXFrameworksBuildPhase;
			buildActionMask = 2147483647;
			files = (
				083A9C752F65C04B000C70C9 /* MunichCommuterKit in Frameworks */,
			);
			runOnlyForDeploymentPostprocessing = 0;
		};
		F1C000042E5EF0020060EED6 /* Frameworks */ = {
			isa = PBXFrameworksBuildPhase;
			buildActionMask = 2147483647;
			files = (
				F1C0000B2E5EF0020060EED6 /* MunichCommuterKit in Frameworks */,
			);
			runOnlyForDeploymentPostprocessing = 0;
		};
/* End PBXFrameworksBuildPhase section */

/* Begin PBXGroup section */
		083DD7A02E2EEE7D0060EED6 = {
			isa = PBXGroup;
			children = (
				083DD7AB2E2EEE7D0060EED6 /* MunichCommuter */,
				F1B000042E5EF0010060EED6 /* MunichCommuterWatch */,
				F1C000022E5EF0020060EED6 /* MunichCommuterWatchWidgets */,
				083DD7BD2E2EEE7F0060EED6 /* MunichCommuterTests */,
				083DD7C72E2EEE7F0060EED6 /* MunichCommuterUITests */,
				F1A000032E5EF0000060EED6 /* MunichCommuterKit */,
				083DD7AA2E2EEE7D0060EED6 /* Products */,
			);
			sourceTree = "<group>";
		};
		083DD7AA2E2EEE7D0060EED6 /* Products */ = {
			isa = PBXGroup;
			children = (
				083DD7A92E2EEE7D0060EED6 /* MunichCommuter.app */,
				F1B000012E5EF0010060EED6 /* MunichCommuterWatch.app */,
				F1C000012E5EF0020060EED6 /* MunichCommuterWatchWidgets.appex */,
				083DD7BA2E2EEE7F0060EED6 /* MunichCommuterTests.xctest */,
				083DD7C42E2EEE7F0060EED6 /* MunichCommuterUITests.xctest */,
			);
			name = Products;
			sourceTree = "<group>";
		};
/* End PBXGroup section */

/* Begin PBXNativeTarget section */
		083DD7A82E2EEE7D0060EED6 /* MunichCommuter */ = {
			isa = PBXNativeTarget;
			buildConfigurationList = 083DD7CD2E2EEE7F0060EED6 /* Build configuration list for PBXNativeTarget "MunichCommuter" */;
			buildPhases = (
				083DD7A52E2EEE7D0060EED6 /* Sources */,
				083DD7A62E2EEE7D0060EED6 /* Frameworks */,
				F1B000132E5EF0010060EED6 /* Embed Watch Content */,
				083DD7A72E2EEE7D0060EED6 /* Resources */,
			);
			buildRules = (
			);
			dependencies = (
				F1B000142E5EF0010060EED6 /* PBXTargetDependency */,
			);
			fileSystemSynchronizedGroups = (
				083DD7AB2E2EEE7D0060EED6 /* MunichCommuter */,
			);
			name = MunichCommuter;
			packageProductDependencies = (
				F1A000022E5EF0000060EED6 /* MunichCommuterKit */,
			);
			productName = MunichCommuter;
			productReference = 083DD7A92E2EEE7D0060EED6 /* MunichCommuter.app */;
			productType = "com.apple.product-type.application";
		};
		083DD7B92E2EEE7F0060EED6 /* MunichCommuterTests */ = {
			isa = PBXNativeTarget;
			buildConfigurationList = 083DD7D22E2EEE7F0060EED6 /* Build configuration list for PBXNativeTarget "MunichCommuterTests" */;
			buildPhases = (
				083DD7B62E2EEE7F0060EED6 /* Sources */,
				083DD7B72E2EEE7F0060EED6 /* Frameworks */,
				083DD7B82E2EEE7F0060EED6 /* Resources */,
			);
			buildRules = (
			);
			dependencies = (
				083DD7BC2E2EEE7F0060EED6 /* PBXTargetDependency */,
			);
			fileSystemSynchronizedGroups = (
				083DD7BD2E2EEE7F0060EED6 /* MunichCommuterTests */,
			);
			name = MunichCommuterTests;
			packageProductDependencies = (
			);
			productName = MunichCommuterTests;
			productReference = 083DD7BA2E2EEE7F0060EED6 /* MunichCommuterTests.xctest */;
			productType = "com.apple.product-type.bundle.unit-test";
		};
		083DD7C32E2EEE7F0060EED6 /* MunichCommuterUITests */ = {
			isa = PBXNativeTarget;
			buildConfigurationList = 083DD7D52E2EEE7F0060EED6 /* Build configuration list for PBXNativeTarget "MunichCommuterUITests" */;
			buildPhases = (
				083DD7C02E2EEE7F0060EED6 /* Sources */,
				083DD7C12E2EEE7F0060EED6 /* Frameworks */,
				083DD7C22E2EEE7F0060EED6 /* Resources */,
			);
			buildRules = (
			);
			dependencies = (
				083DD7C62E2EEE7F0060EED6 /* PBXTargetDependency */,
			);
			fileSystemSynchronizedGroups = (
				083DD7C72E2EEE7F0060EED6 /* MunichCommuterUITests */,
			);
			name = MunichCommuterUITests;
			packageProductDependencies = (
			);
			productName = MunichCommuterUITests;
			productReference = 083DD7C42E2EEE7F0060EED6 /* MunichCommuterUITests.xctest */;
			productType = "com.apple.product-type.bundle.ui-testing";
		};
		F1B000032E5EF0010060EED6 /* MunichCommuterWatch */ = {
			isa = PBXNativeTarget;
			buildConfigurationList = F1B000102E5EF0010060EED6 /* Build configuration list for PBXNativeTarget "MunichCommuterWatch" */;
			buildPhases = (
				F1B000062E5EF0010060EED6 /* Sources */,
				F1B000052E5EF0010060EED6 /* Frameworks */,
				F1B000072E5EF0010060EED6 /* Resources */,
				F1C0000E2E5EF0020060EED6 /* Embed App Extensions */,
			);
			buildRules = (
			);
			dependencies = (
				F1C0000D2E5EF0020060EED6 /* PBXTargetDependency */,
			);
			fileSystemSynchronizedGroups = (
				F1B000042E5EF0010060EED6 /* MunichCommuterWatch */,
			);
			name = MunichCommuterWatch;
			packageProductDependencies = (
				F1B000082E5EF0010060EED6 /* MunichCommuterKit */,
			);
			productName = MunichCommuterWatch;
			productReference = F1B000012E5EF0010060EED6 /* MunichCommuterWatch.app */;
			productType = "com.apple.product-type.application";
		};
		F1C000032E5EF0020060EED6 /* MunichCommuterWatchWidgets */ = {
			isa = PBXNativeTarget;
			buildConfigurationList = F1C000092E5EF0020060EED6 /* Build configuration list for PBXNativeTarget "MunichCommuterWatchWidgets" */;
			buildPhases = (
				F1C000062E5EF0020060EED6 /* Sources */,
				F1C000042E5EF0020060EED6 /* Frameworks */,
				F1C000052E5EF0020060EED6 /* Resources */,
			);
			buildRules = (
			);
			dependencies = (
			);
			fileSystemSynchronizedGroups = (
				F1C000022E5EF0020060EED6 /* MunichCommuterWatchWidgets */,
			);
			name = MunichCommuterWatchWidgets;
			packageProductDependencies = (
				F1C0000A2E5EF0020060EED6 /* MunichCommuterKit */,
			);
			productName = MunichCommuterWatchWidgets;
			productReference = F1C000012E5EF0020060EED6 /* MunichCommuterWatchWidgets.appex */;
			productType = "com.apple.product-type.app-extension";
		};
/* End PBXNativeTarget section */

/* Begin PBXProject section */
		083DD7A12E2EEE7D0060EED6 /* Project object */ = {
			isa = PBXProject;
			attributes = {
				BuildIndependentTargetsInParallel = 1;
				LastSwiftUpdateCheck = 1640;
				LastUpgradeCheck = 1640;
				TargetAttributes = {
					083DD7A82E2EEE7D0060EED6 = {
						CreatedOnToolsVersion = 16.4;
					};
					083DD7B92E2EEE7F0060EED6 = {
						CreatedOnToolsVersion = 16.4;
						TestTargetID = 083DD7A82E2EEE7D0060EED6;
					};
					083DD7C32E2EEE7F0060EED6 = {
						CreatedOnToolsVersion = 16.4;
						TestTargetID = 083DD7A82E2EEE7D0060EED6;
					};
					F1B000032E5EF0010060EED6 = {
						CreatedOnToolsVersion = 16.4;
					};
					F1C000032E5EF0020060EED6 = {
						CreatedOnToolsVersion = 16.4;
					};
				};
			};
			buildConfigurationList = 083DD7A42E2EEE7D0060EED6 /* Build configuration list for PBXProject "MunichCommuter" */;
			developmentRegion = en;
			hasScannedForEncodings = 0;
			knownRegions = (
				en,
				Base,
			);
			mainGroup = 083DD7A02E2EEE7D0060EED6;
			minimizedProjectReferenceProxies = 1;
			packageReferences = (
				F1A000012E5EF0000060EED6 /* XCLocalSwiftPackageReference "MunichCommuterKit" */,
			);
			preferredProjectObjectVersion = 77;
			productRefGroup = 083DD7AA2E2EEE7D0060EED6 /* Products */;
			projectDirPath = "";
			projectRoot = "";
			targets = (
				083DD7A82E2EEE7D0060EED6 /* MunichCommuter */,
				F1B000032E5EF0010060EED6 /* MunichCommuterWatch */,
				F1C000032E5EF0020060EED6 /* MunichCommuterWatchWidgets */,
				083DD7B92E2EEE7F0060EED6 /* MunichCommuterTests */,
				083DD7C32E2EEE7F0060EED6 /* MunichCommuterUITests */,
			);
		};
/* End PBXProject section */

/* Begin PBXResourcesBuildPhase section */
		083DD7A72E2EEE7D0060EED6 /* Resources */ = {
			isa = PBXResourcesBuildPhase;
			buildActionMask = 2147483647;
			files = (
			);
			runOnlyForDeploymentPostprocessing = 0;
		};
		083DD7B82E2EEE7F0060EED6 /* Resources */ = {
			isa = PBXResourcesBuildPhase;
			buildActionMask = 2147483647;
			files = (
			);
			runOnlyForDeploymentPostprocessing = 0;
		};
		083DD7C22E2EEE7F0060EED6 /* Resources */ = {
			isa = PBXResourcesBuildPhase;
			buildActionMask = 2147483647;
			files = (
			);
			runOnlyForDeploymentPostprocessing = 0;
		};
		F1B000072E5EF0010060EED6 /* Resources */ = {
			isa = PBXResourcesBuildPhase;
			buildActionMask = 2147483647;
			files = (
			);
			runOnlyForDeploymentPostprocessing = 0;
		};
		F1C000052E5EF0020060EED6 /* Resources */ = {
			isa = PBXResourcesBuildPhase;
			buildActionMask = 2147483647;
			files = (
			);
			runOnlyForDeploymentPostprocessing = 0;
		};
/* End PBXResourcesBuildPhase section */

/* Begin PBXSourcesBuildPhase section */
		083DD7A52E2EEE7D0060EED6 /* Sources */ = {
			isa = PBXSourcesBuildPhase;
			buildActionMask = 2147483647;
			files = (
			);
			runOnlyForDeploymentPostprocessing = 0;
		};
		083DD7B62E2EEE7F0060EED6 /* Sources */ = {
			isa = PBXSourcesBuildPhase;
			buildActionMask = 2147483647;
			files = (
			);
			runOnlyForDeploymentPostprocessing = 0;
		};
		083DD7C02E2EEE7F0060EED6 /* Sources */ = {
			isa = PBXSourcesBuildPhase;
			buildActionMask = 2147483647;
			files = (
			);
			runOnlyForDeploymentPostprocessing = 0;
		};
		F1B000062E5EF0010060EED6 /* Sources */ = {
			isa = PBXSourcesBuildPhase;
			buildActionMask = 2147483647;
			files = (
			);
			runOnlyForDeploymentPostprocessing = 0;
		};
		F1C000062E5EF0020060EED6 /* Sources */ = {
			isa = PBXSourcesBuildPhase;
			buildActionMask = 2147483647;
			files = (
			);
			runOnlyForDeploymentPostprocessing = 0;
		};
/* End PBXSourcesBuildPhase section */

/* Begin PBXTargetDependency section */
		083DD7BC2E2EEE7F0060EED6 /* PBXTargetDependency */ = {
			isa = PBXTargetDependency;
			target = 083DD7A82E2EEE7D0060EED6 /* MunichCommuter */;
			targetProxy = 083DD7BB2E2EEE7F0060EED6 /* PBXContainerItemProxy */;
		};
		083DD7C62E2EEE7F0060EED6 /* PBXTargetDependency */ = {
			isa = PBXTargetDependency;
			target = 083DD7A82E2EEE7D0060EED6 /* MunichCommuter */;
			targetProxy = 083DD7C52E2EEE7F0060EED6 /* PBXContainerItemProxy */;
		};
		F1B000142E5EF0010060EED6 /* PBXTargetDependency */ = {
			isa = PBXTargetDependency;
			target = F1B000032E5EF0010060EED6 /* MunichCommuterWatch */;
			targetProxy = F1B000122E5EF0010060EED6 /* PBXContainerItemProxy */;
		};
		F1C0000D2E5EF0020060EED6 /* PBXTargetDependency */ = {
			isa = PBXTargetDependency;
			target = F1C000032E5EF0020060EED6 /* MunichCommuterWatchWidgets */;
			targetProxy = F1C0000C2E5EF0020060EED6 /* PBXContainerItemProxy */;
		};
/* End PBXTargetDependency section */

/* Begin XCBuildConfiguration section */
		083DD7CE2E2EEE7F0060EED6 /* Debug */ = {
			isa = XCBuildConfiguration;
			buildSettings = {
				ASSETCATALOG_COMPILER_APPICON_NAME = MunichCommuterIcon;
				ASSETCATALOG_COMPILER_GLOBAL_ACCENT_COLOR_NAME = AccentColor;
				ASSETCATALOG_COMPILER_INCLUDE_ALL_APPICON_ASSETS = NO;
				CODE_SIGN_ENTITLEMENTS = MunichCommuter/MunichCommuter.entitlements;
				CODE_SIGN_STYLE = Automatic;
				CURRENT_PROJECT_VERSION = 1;
				DEVELOPMENT_TEAM = 9HS2528ANW;
				ENABLE_HARDENED_RUNTIME = YES;
				ENABLE_PREVIEWS = YES;
				GENERATE_INFOPLIST_FILE = YES;
				INFOPLIST_FILE = MunichCommuter/Info.plist;
				INFOPLIST_KEY_CFBundleDisplayName = Abfahrten;
				INFOPLIST_KEY_LSApplicationCategoryType = "public.app-category.travel";
				"INFOPLIST_KEY_UIApplicationSceneManifest_Generation[sdk=iphoneos*]" = YES;
				"INFOPLIST_KEY_UIApplicationSceneManifest_Generation[sdk=iphonesimulator*]" = YES;
				"INFOPLIST_KEY_UIApplicationSupportsIndirectInputEvents[sdk=iphoneos*]" = YES;
				"INFOPLIST_KEY_UIApplicationSupportsIndirectInputEvents[sdk=iphonesimulator*]" = YES;
				"INFOPLIST_KEY_UILaunchScreen_Generation[sdk=iphoneos*]" = YES;
				"INFOPLIST_KEY_UILaunchScreen_Generation[sdk=iphonesimulator*]" = YES;
				"INFOPLIST_KEY_UIStatusBarStyle[sdk=iphoneos*]" = UIStatusBarStyleDefault;
				"INFOPLIST_KEY_UIStatusBarStyle[sdk=iphonesimulator*]" = UIStatusBarStyleDefault;
				INFOPLIST_KEY_UISupportedInterfaceOrientations_iPad = "UIInterfaceOrientationPortrait UIInterfaceOrientationPortraitUpsideDown UIInterfaceOrientationLandscapeLeft UIInterfaceOrientationLandscapeRight";
				INFOPLIST_KEY_UISupportedInterfaceOrientations_iPhone = "UIInterfaceOrientationPortrait UIInterfaceOrientationLandscapeLeft UIInterfaceOrientationLandscapeRight";
				IPHONEOS_DEPLOYMENT_TARGET = 18.5;
				LD_RUNPATH_SEARCH_PATHS = "@executable_path/Frameworks";
				"LD_RUNPATH_SEARCH_PATHS[sdk=macosx*]" = "@executable_path/../Frameworks";
				MACOSX_DEPLOYMENT_TARGET = 14.0;
				MARKETING_VERSION = 2.0;
				PRODUCT_BUNDLE_IDENTIFIER = com.iaha.mvgcommuter;
				PRODUCT_NAME = "$(TARGET_NAME)";
				REGISTER_APP_GROUPS = YES;
				SDKROOT = auto;
				SUPPORTED_PLATFORMS = "iphoneos iphonesimulator macosx xros xrsimulator";
				SWIFT_EMIT_LOC_STRINGS = YES;
				SWIFT_VERSION = 5.0;
				TARGETED_DEVICE_FAMILY = "1,2,7";
				XROS_DEPLOYMENT_TARGET = 2.5;
			};
			name = Debug;
		};
		083DD7CF2E2EEE7F0060EED6 /* Release */ = {
			isa = XCBuildConfiguration;
			buildSettings = {
				ASSETCATALOG_COMPILER_APPICON_NAME = MunichCommuterIcon;
				ASSETCATALOG_COMPILER_GLOBAL_ACCENT_COLOR_NAME = AccentColor;
				ASSETCATALOG_COMPILER_INCLUDE_ALL_APPICON_ASSETS = NO;
				CODE_SIGN_ENTITLEMENTS = MunichCommuter/MunichCommuter.entitlements;
				CODE_SIGN_STYLE = Automatic;
				CURRENT_PROJECT_VERSION = 1;
				DEVELOPMENT_TEAM = 9HS2528ANW;
				ENABLE_HARDENED_RUNTIME = YES;
				ENABLE_PREVIEWS = YES;
				GENERATE_INFOPLIST_FILE = YES;
				INFOPLIST_FILE = MunichCommuter/Info.plist;
				INFOPLIST_KEY_CFBundleDisplayName = Abfahrten;
				INFOPLIST_KEY_LSApplicationCategoryType = "public.app-category.travel";
				"INFOPLIST_KEY_UIApplicationSceneManifest_Generation[sdk=iphoneos*]" = YES;
				"INFOPLIST_KEY_UIApplicationSceneManifest_Generation[sdk=iphonesimulator*]" = YES;
				"INFOPLIST_KEY_UIApplicationSupportsIndirectInputEvents[sdk=iphoneos*]" = YES;
				"INFOPLIST_KEY_UIApplicationSupportsIndirectInputEvents[sdk=iphonesimulator*]" = YES;
				"INFOPLIST_KEY_UILaunchScreen_Generation[sdk=iphoneos*]" = YES;
				"INFOPLIST_KEY_UILaunchScreen_Generation[sdk=iphonesimulator*]" = YES;
				"INFOPLIST_KEY_UIStatusBarStyle[sdk=iphoneos*]" = UIStatusBarStyleDefault;
				"INFOPLIST_KEY_UIStatusBarStyle[sdk=iphonesimulator*]" = UIStatusBarStyleDefault;
				INFOPLIST_KEY_UISupportedInterfaceOrientations_iPad = "UIInterfaceOrientationPortrait UIInterfaceOrientationPortraitUpsideDown UIInterfaceOrientationLandscapeLeft UIInterfaceOrientationLandscapeRight";
				INFOPLIST_KEY_UISupportedInterfaceOrientations_iPhone = "UIInterfaceOrientationPortrait UIInterfaceOrientationLandscapeLeft UIInterfaceOrientationLandscapeRight";
				IPHONEOS_DEPLOYMENT_TARGET = 18.5;
				LD_RUNPATH_SEARCH_PATHS = "@executable_path/Frameworks";
				"LD_RUNPATH_SEARCH_PATHS[sdk=macosx*]" = "@executable_path/../Frameworks";
				MACOSX_DEPLOYMENT_TARGET = 14.0;
				MARKETING_VERSION = 2.0;
				PRODUCT_BUNDLE_IDENTIFIER = com.iaha.mvgcommuter;
				PRODUCT_NAME = "$(TARGET_NAME)";
				REGISTER_APP_GROUPS = YES;
				SDKROOT = auto;
				SUPPORTED_PLATFORMS = "iphoneos iphonesimulator macosx xros xrsimulator";
				SWIFT_EMIT_LOC_STRINGS = YES;
				SWIFT_VERSION = 5.0;
				TARGETED_DEVICE_FAMILY = "1,2,7";
				XROS_DEPLOYMENT_TARGET = 2.5;
			};
			name = Release;
		};
		083DD7D02E2EEE7F0060EED6 /* Debug */ = {
			isa = XCBuildConfiguration;
			buildSettings = {
				ALWAYS_SEARCH_USER_PATHS = NO;
				ASSETCATALOG_COMPILER_GENERATE_SWIFT_ASSET_SYMBOL_EXTENSIONS = YES;
				CLANG_ANALYZER_NONNULL = YES;
				CLANG_ANALYZER_NUMBER_OBJECT_CONVERSION = YES_AGGRESSIVE;
				CLANG_CXX_LANGUAGE_STANDARD = "gnu++20";
				CLANG_ENABLE_MODULES = YES;
				CLANG_ENABLE_OBJC_ARC = YES;
				CLANG_ENABLE_OBJC_WEAK = YES;
				CLANG_WARN_BLOCK_CAPTURE_AUTORELEASING = YES;
				CLANG_WARN_BOOL_CONVERSION = YES;
				CLANG_WARN_COMMA = YES;
				CLANG_WARN_CONSTANT_CONVERSION = YES;
				CLANG_WARN_DEPRECATED_OBJC_IMPLEMENTATIONS = YES;
				CLANG_WARN_DIRECT_OBJC_ISA_USAGE = YES_ERROR;
				CLANG_WARN_DOCUMENTATION_COMMENTS = YES;
				CLANG_WARN_EMPTY_BODY = YES;
				CLANG_WARN_ENUM_CONVERSION = YES;
				CLANG_WARN_INFINITE_RECURSION = YES;
				CLANG_WARN_INT_CONVERSION = YES;
				CLANG_WARN_NON_LITERAL_NULL_CONVERSION = YES;
				CLANG_WARN_OBJC_IMPLICIT_RETAIN_SELF = YES;
				CLANG_WARN_OBJC_LITERAL_CONVERSION = YES;
				CLANG_WARN_OBJC_ROOT_CLASS = YES_ERROR;
				CLANG_WARN_QUOTED_INCLUDE_IN_FRAMEWORK_HEADER = YES;
				CLANG_WARN_RANGE_LOOP_ANALYSIS = YES;
				CLANG_WARN_STRICT_PROTOTYPES = YES;
				CLANG_WARN_SUSPICIOUS_MOVE = YES;
				CLANG_WARN_UNGUARDED_AVAILABILITY = YES_AGGRESSIVE;
				CLANG_WARN_UNREACHABLE_CODE = YES;
				CLANG_WARN__DUPLICATE_METHOD_MATCH = YES;
				COPY_PHASE_STRIP = NO;
				DEBUG_INFORMATION_FORMAT = dwarf;
				DEVELOPMENT_TEAM = 9HS2528ANW;
				ENABLE_STRICT_OBJC_MSGSEND = YES;
				ENABLE_TESTABILITY = YES;
				ENABLE_USER_SCRIPT_SANDBOXING = YES;
				GCC_C_LANGUAGE_STANDARD = gnu17;
				GCC_DYNAMIC_NO_PIC = NO;
				GCC_NO_COMMON_BLOCKS = YES;
				GCC_OPTIMIZATION_LEVEL = 0;
				GCC_PREPROCESSOR_DEFINITIONS = (
					"DEBUG=1",
					"$(inherited)",
				);
				GCC_WARN_64_TO_32_BIT_CONVERSION = YES;
				GCC_WARN_ABOUT_RETURN_TYPE = YES_ERROR;
				GCC_WARN_UNDECLARED_SELECTOR = YES;
				GCC_WARN_UNINITIALIZED_AUTOS = YES_AGGRESSIVE;
				GCC_WARN_UNUSED_FUNCTION = YES;
				GCC_WARN_UNUSED_VARIABLE = YES;
				LOCALIZATION_PREFERS_STRING_CATALOGS = YES;
				MTL_ENABLE_DEBUG_INFO = INCLUDE_SOURCE;
				MTL_FAST_MATH = YES;
				ONLY_ACTIVE_ARCH = YES;
				SWIFT_ACTIVE_COMPILATION_CONDITIONS = "DEBUG $(inherited)";
				SWIFT_OPTIMIZATION_LEVEL = "-Onone";
			};
			name = Debug;
		};
		083DD7D12E2EEE7F0060EED6 /* Release */ = {
			isa = XCBuildConfiguration;
			buildSettings = {
				ALWAYS_SEARCH_USER_PATHS = NO;
				ASSETCATALOG_COMPILER_GENERATE_SWIFT_ASSET_SYMBOL_EXTENSIONS = YES;
				CLANG_ANALYZER_NONNULL = YES;
				CLANG_ANALYZER_NUMBER_OBJECT_CONVERSION = YES_AGGRESSIVE;
				CLANG_CXX_LANGUAGE_STANDARD = "gnu++20";
				CLANG_ENABLE_MODULES = YES;
				CLANG_ENABLE_OBJC_ARC = YES;
				CLANG_ENABLE_OBJC_WEAK = YES;
				CLANG_WARN_BLOCK_CAPTURE_AUTORELEASING = YES;
				CLANG_WARN_BOOL_CONVERSION = YES;
				CLANG_WARN_COMMA = YES;
				CLANG_WARN_CONSTANT_CONVERSION = YES;
				CLANG_WARN_DEPRECATED_OBJC_IMPLEMENTATIONS = YES;
				CLANG_WARN_DIRECT_OBJC_ISA_USAGE = YES_ERROR;
				CLANG_WARN_DOCUMENTATION_COMMENTS = YES;
				CLANG_WARN_EMPTY_BODY = YES;
				CLANG_WARN_ENUM_CONVERSION = YES;
				CLANG_WARN_INFINITE_RECURSION = YES;
				CLANG_WARN_INT_CONVERSION = YES;
				CLANG_WARN_NON_LITERAL_NULL_CONVERSION = YES;
				CLANG_WARN_OBJC_IMPLICIT_RETAIN_SELF = YES;
				CLANG_WARN_OBJC_LITERAL_CONVERSION = YES;
				CLANG_WARN_OBJC_ROOT_CLASS = YES_ERROR;
				CLANG_WARN_QUOTED_INCLUDE_IN_FRAMEWORK_HEADER = YES;
				CLANG_WARN_RANGE_LOOP_ANALYSIS = YES;
				CLANG_WARN_STRICT_PROTOTYPES = YES;
				CLANG_WARN_SUSPICIOUS_MOVE = YES;
				CLANG_WARN_UNGUARDED_AVAILABILITY = YES_AGGRESSIVE;
				CLANG_WARN_UNREACHABLE_CODE = YES;
				CLANG_WARN__DUPLICATE_METHOD_MATCH = YES;
				COPY_PHASE_STRIP = NO;
				DEBUG_INFORMATION_FORMAT = "dwarf-with-dsym";
				DEVELOPMENT_TEAM = 9HS2528ANW;
				ENABLE_NS_ASSERTIONS = NO;
				ENABLE_STRICT_OBJC_MSGSEND = YES;
				ENABLE_USER_SCRIPT_SANDBOXING = YES;
				GCC_C_LANGUAGE_STANDARD = gnu17;
				GCC_NO_COMMON_BLOCKS = YES;
				GCC_WARN_64_TO_32_BIT_CONVERSION = YES;
				GCC_WARN_ABOUT_RETURN_TYPE = YES_ERROR;
				GCC_WARN_UNDECLARED_SELECTOR = YES;
				GCC_WARN_UNINITIALIZED_AUTOS = YES_AGGRESSIVE;
				GCC_WARN_UNUSED_FUNCTION = YES;
				GCC_WARN_UNUSED_VARIABLE = YES;
				LOCALIZATION_PREFERS_STRING_CATALOGS = YES;
				MTL_ENABLE_DEBUG_INFO = NO;
				MTL_FAST_MATH = YES;
				SWIFT_COMPILATION_MODE = wholemodule;
			};
			name = Release;
		};
		083DD7D32E2EEE7F0060EED6 /* Debug */ = {
			isa = XCBuildConfiguration;
			buildSettings = {
				BUNDLE_LOADER = "$(TEST_HOST)";
				CODE_SIGN_STYLE = Automatic;
				CURRENT_PROJECT_VERSION = 1;
				DEVELOPMENT_TEAM = 9HS2528ANW;
				GENERATE_INFOPLIST_FILE = YES;
				IPHONEOS_DEPLOYMENT_TARGET = 18.5;
				MACOSX_DEPLOYMENT_TARGET = 15.5;
				MARKETING_VERSION = 1.0;
				PRODUCT_BUNDLE_IDENTIFIER = de.timhaug.MunichCommuterTests;
				PRODUCT_NAME = "$(TARGET_NAME)";
				SDKROOT = auto;
				SUPPORTED_PLATFORMS = "iphoneos iphonesimulator macosx xros xrsimulator";
				SWIFT_EMIT_LOC_STRINGS = NO;
				SWIFT_VERSION = 5.0;
				TARGETED_DEVICE_FAMILY = "1,2,7";
				TEST_HOST = "$(BUILT_PRODUCTS_DIR)/MunichCommuter.app/$(BUNDLE_EXECUTABLE_FOLDER_PATH)/MunichCommuter";
				XROS_DEPLOYMENT_TARGET = 2.5;
			};
			name = Debug;
		};
		083DD7D42E2EEE7F0060EED6 /* Release */ = {
			isa = XCBuildConfiguration;
			buildSettings = {
				BUNDLE_LOADER = "$(TEST_HOST)";
				CODE_SIGN_STYLE = Automatic;
				CURRENT_PROJECT_VERSION = 1;
				DEVELOPMENT_TEAM = 9HS2528ANW;
				GENERATE_INFOPLIST_FILE = YES;
				IPHONEOS_DEPLOYMENT_TARGET = 18.5;
				MACOSX_DEPLOYMENT_TARGET = 15.5;
				MARKETING_VERSION = 1.0;
				PRODUCT_BUNDLE_IDENTIFIER = de.timhaug.MunichCommuterTests;
				PRODUCT_NAME = "$(TARGET_NAME)";
				SDKROOT = auto;
				SUPPORTED_PLATFORMS = "iphoneos iphonesimulator macosx xros xrsimulator";
				SWIFT_EMIT_LOC_STRINGS = NO;
				SWIFT_VERSION = 5.0;
				TARGETED_DEVICE_FAMILY = "1,2,7";
				TEST_HOST = "$(BUILT_PRODUCTS_DIR)/MunichCommuter.app/$(BUNDLE_EXECUTABLE_FOLDER_PATH)/MunichCommuter";
				XROS_DEPLOYMENT_TARGET = 2.5;
			};
			name = Release;
		};
		083DD7D62E2EEE7F0060EED6 /* Debug */ = {
			isa = XCBuildConfiguration;
			buildSettings = {
				CODE_SIGN_STYLE = Automatic;
				CURRENT_PROJECT_VERSION = 1;
				DEVELOPMENT_TEAM = 9HS2528ANW;
				GENERATE_INFOPLIST_FILE = YES;
				IPHONEOS_DEPLOYMENT_TARGET = 18.5;
				MACOSX_DEPLOYMENT_TARGET = 15.5;
				MARKETING_VERSION = 1.0;
				PRODUCT_BUNDLE_IDENTIFIER = de.timhaug.MunichCommuterUITests;
				PRODUCT_NAME = "$(TARGET_NAME)";
				SDKROOT = auto;
				SUPPORTED_PLATFORMS = "iphoneos iphonesimulator macosx xros xrsimulator";
				SWIFT_EMIT_LOC_STRINGS = NO;
				SWIFT_VERSION = 5.0;
				TARGETED_DEVICE_FAMILY = "1,2,7";
				TEST_TARGET_NAME = MunichCommuter;
				XROS_DEPLOYMENT_TARGET = 2.5;
			};
			name = Debug;
		};
		083DD7D72E2EEE7F0060EED6 /* Release */ = {
			isa = XCBuildConfiguration;
			buildSettings = {
				CODE_SIGN_STYLE = Automatic;
				CURRENT_PROJECT_VERSION = 1;
				DEVELOPMENT_TEAM = 9HS2528ANW;
				GENERATE_INFOPLIST_FILE = YES;
				IPHONEOS_DEPLOYMENT_TARGET = 18.5;
				MACOSX_DEPLOYMENT_TARGET = 15.5;
				MARKETING_VERSION = 1.0;
				PRODUCT_BUNDLE_IDENTIFIER = de.timhaug.MunichCommuterUITests;
				PRODUCT_NAME = "$(TARGET_NAME)";
				SDKROOT = auto;
				SUPPORTED_PLATFORMS = "iphoneos iphonesimulator macosx xros xrsimulator";
				SWIFT_EMIT_LOC_STRINGS = NO;
				SWIFT_VERSION = 5.0;
				TARGETED_DEVICE_FAMILY = "1,2,7";
				TEST_TARGET_NAME = MunichCommuter;
				XROS_DEPLOYMENT_TARGET = 2.5;
			};
			name = Release;
		};
		F1B000092E5EF0010060EED6 /* Debug */ = {
			isa = XCBuildConfiguration;
			buildSettings = {
				ASSETCATALOG_COMPILER_APPICON_NAME = AppIcon;
				ASSETCATALOG_COMPILER_GLOBAL_ACCENT_COLOR_NAME = AccentColor;
				CODE_SIGN_ENTITLEMENTS = MunichCommuterWatch/MunichCommuterWatch.entitlements;
				CODE_SIGN_STYLE = Automatic;
				CURRENT_PROJECT_VERSION = 1;
				DEVELOPMENT_TEAM = 9HS2528ANW;
				ENABLE_PREVIEWS = YES;
				GENERATE_INFOPLIST_FILE = YES;
				INFOPLIST_FILE = MunichCommuterWatch/Info.plist;
				INFOPLIST_KEY_CFBundleDisplayName = Abfahrten;
				INFOPLIST_KEY_UISupportedInterfaceOrientations = "UIInterfaceOrientationPortrait UIInterfaceOrientationPortraitUpsideDown";
				INFOPLIST_KEY_WKCompanionAppBundleIdentifier = com.iaha.mvgcommuter;
				LD_RUNPATH_SEARCH_PATHS = (
					"$(inherited)",
					"@executable_path/Frameworks",
				);
				MARKETING_VERSION = 2.0;
				PRODUCT_BUNDLE_IDENTIFIER = com.iaha.mvgcommuter.watchkitapp;
				PRODUCT_NAME = "$(TARGET_NAME)";
				SDKROOT = watchos;
				SKIP_INSTALL = YES;
				SUPPORTED_PLATFORMS = "watchos watchsimulator";
				SWIFT_EMIT_LOC_STRINGS = YES;
				SWIFT_VERSION = 5.0;
				TARGETED_DEVICE_FAMILY = 4;
				WATCHOS_DEPLOYMENT_TARGET = 11.0;
			};
			name = Debug;
		};
		F1B0000A2E5EF0010060EED6 /* Release */ = {
			isa = XCBuildConfiguration;
			buildSettings = {
				ASSETCATALOG_COMPILER_APPICON_NAME = AppIcon;
				ASSETCATALOG_COMPILER_GLOBAL_ACCENT_COLOR_NAME = AccentColor;
				CODE_SIGN_ENTITLEMENTS = MunichCommuterWatch/MunichCommuterWatch.entitlements;
				CODE_SIGN_STYLE = Automatic;
				CURRENT_PROJECT_VERSION = 1;
				DEVELOPMENT_TEAM = 9HS2528ANW;
				ENABLE_PREVIEWS = YES;
				GENERATE_INFOPLIST_FILE = YES;
				INFOPLIST_FILE = MunichCommuterWatch/Info.plist;
				INFOPLIST_KEY_CFBundleDisplayName = Abfahrten;
				INFOPLIST_KEY_UISupportedInterfaceOrientations = "UIInterfaceOrientationPortrait UIInterfaceOrientationPortraitUpsideDown";
				INFOPLIST_KEY_WKCompanionAppBundleIdentifier = com.iaha.mvgcommuter;
				LD_RUNPATH_SEARCH_PATHS = (
					"$(inherited)",
					"@executable_path/Frameworks",
				);
				MARKETING_VERSION = 2.0;
				PRODUCT_BUNDLE_IDENTIFIER = com.iaha.mvgcommuter.watchkitapp;
				PRODUCT_NAME = "$(TARGET_NAME)";
				SDKROOT = watchos;
				SKIP_INSTALL = YES;
				SUPPORTED_PLATFORMS = "watchos watchsimulator";
				SWIFT_EMIT_LOC_STRINGS = YES;
				SWIFT_VERSION = 5.0;
				TARGETED_DEVICE_FAMILY = 4;
				WATCHOS_DEPLOYMENT_TARGET = 11.0;
			};
			name = Release;
		};
		F1C000072E5EF0020060EED6 /* Debug */ = {
			isa = XCBuildConfiguration;
			buildSettings = {
				ASSETCATALOG_COMPILER_GLOBAL_ACCENT_COLOR_NAME = AccentColor;
				CODE_SIGN_STYLE = Automatic;
				CURRENT_PROJECT_VERSION = 1;
				DEVELOPMENT_TEAM = 9HS2528ANW;
				GENERATE_INFOPLIST_FILE = NO;
				INFOPLIST_FILE = MunichCommuterWatchWidgets/Info.plist;
				LD_RUNPATH_SEARCH_PATHS = (
					"$(inherited)",
					"@executable_path/Frameworks",
					"@executable_path/../../Frameworks",
				);
				MARKETING_VERSION = 2.0;
				PRODUCT_BUNDLE_IDENTIFIER = com.iaha.mvgcommuter.watchkitapp.widgets;
				PRODUCT_NAME = "$(TARGET_NAME)";
				SDKROOT = watchos;
				SKIP_INSTALL = YES;
				SUPPORTED_PLATFORMS = "watchos watchsimulator";
				SWIFT_EMIT_LOC_STRINGS = YES;
				SWIFT_VERSION = 5.0;
				TARGETED_DEVICE_FAMILY = 4;
				WATCHOS_DEPLOYMENT_TARGET = 11.0;
			};
			name = Debug;
		};
		F1C000082E5EF0020060EED6 /* Release */ = {
			isa = XCBuildConfiguration;
			buildSettings = {
				ASSETCATALOG_COMPILER_GLOBAL_ACCENT_COLOR_NAME = AccentColor;
				CODE_SIGN_STYLE = Automatic;
				CURRENT_PROJECT_VERSION = 1;
				DEVELOPMENT_TEAM = 9HS2528ANW;
				GENERATE_INFOPLIST_FILE = NO;
				INFOPLIST_FILE = MunichCommuterWatchWidgets/Info.plist;
				LD_RUNPATH_SEARCH_PATHS = (
					"$(inherited)",
					"@executable_path/Frameworks",
					"@executable_path/../../Frameworks",
				);
				MARKETING_VERSION = 2.0;
				PRODUCT_BUNDLE_IDENTIFIER = com.iaha.mvgcommuter.watchkitapp.widgets;
				PRODUCT_NAME = "$(TARGET_NAME)";
				SDKROOT = watchos;
				SKIP_INSTALL = YES;
				SUPPORTED_PLATFORMS = "watchos watchsimulator";
				SWIFT_EMIT_LOC_STRINGS = YES;
				SWIFT_VERSION = 5.0;
				TARGETED_DEVICE_FAMILY = 4;
				WATCHOS_DEPLOYMENT_TARGET = 11.0;
			};
			name = Release;
		};
/* End XCBuildConfiguration section */

/* Begin XCConfigurationList section */
		083DD7A42E2EEE7D0060EED6 /* Build configuration list for PBXProject "MunichCommuter" */ = {
			isa = XCConfigurationList;
			buildConfigurations = (
				083DD7D02E2EEE7F0060EED6 /* Debug */,
				083DD7D12E2EEE7F0060EED6 /* Release */,
			);
			defaultConfigurationIsVisible = 0;
			defaultConfigurationName = Release;
		};
		083DD7CD2E2EEE7F0060EED6 /* Build configuration list for PBXNativeTarget "MunichCommuter" */ = {
			isa = XCConfigurationList;
			buildConfigurations = (
				083DD7CE2E2EEE7F0060EED6 /* Debug */,
				083DD7CF2E2EEE7F0060EED6 /* Release */,
			);
			defaultConfigurationIsVisible = 0;
			defaultConfigurationName = Release;
		};
		083DD7D22E2EEE7F0060EED6 /* Build configuration list for PBXNativeTarget "MunichCommuterTests" */ = {
			isa = XCConfigurationList;
			buildConfigurations = (
				083DD7D32E2EEE7F0060EED6 /* Debug */,
				083DD7D42E2EEE7F0060EED6 /* Release */,
			);
			defaultConfigurationIsVisible = 0;
			defaultConfigurationName = Release;
		};
		083DD7D52E2EEE7F0060EED6 /* Build configuration list for PBXNativeTarget "MunichCommuterUITests" */ = {
			isa = XCConfigurationList;
			buildConfigurations = (
				083DD7D62E2EEE7F0060EED6 /* Debug */,
				083DD7D72E2EEE7F0060EED6 /* Release */,
			);
			defaultConfigurationIsVisible = 0;
			defaultConfigurationName = Release;
		};
		F1B000102E5EF0010060EED6 /* Build configuration list for PBXNativeTarget "MunichCommuterWatch" */ = {
			isa = XCConfigurationList;
			buildConfigurations = (
				F1B000092E5EF0010060EED6 /* Debug */,
				F1B0000A2E5EF0010060EED6 /* Release */,
			);
			defaultConfigurationIsVisible = 0;
			defaultConfigurationName = Release;
		};
		F1C000092E5EF0020060EED6 /* Build configuration list for PBXNativeTarget "MunichCommuterWatchWidgets" */ = {
			isa = XCConfigurationList;
			buildConfigurations = (
				F1C000072E5EF0020060EED6 /* Debug */,
				F1C000082E5EF0020060EED6 /* Release */,
			);
			defaultConfigurationIsVisible = 0;
			defaultConfigurationName = Release;
		};
/* End XCConfigurationList section */

/* Begin XCLocalSwiftPackageReference section */
		F1A000012E5EF0000060EED6 /* XCLocalSwiftPackageReference "MunichCommuterKit" */ = {
			isa = XCLocalSwiftPackageReference;
			relativePath = MunichCommuterKit;
		};
/* End XCLocalSwiftPackageReference section */

/* Begin XCSwiftPackageProductDependency section */
		F1A000022E5EF0000060EED6 /* MunichCommuterKit */ = {
			isa = XCSwiftPackageProductDependency;
			productName = MunichCommuterKit;
		};
		F1B000082E5EF0010060EED6 /* MunichCommuterKit */ = {
			isa = XCSwiftPackageProductDependency;
			productName = MunichCommuterKit;
		};
		F1C0000A2E5EF0020060EED6 /* MunichCommuterKit */ = {
			isa = XCSwiftPackageProductDependency;
			productName = MunichCommuterKit;
		};
/* End XCSwiftPackageProductDependency section */
	};
	rootObject = 083DD7A12E2EEE7D0060EED6 /* Project object */;
}
